
Microsoft Visual Studio Solution File, Format Version 12.00
# Visual Studio 15
VisualStudioVersion = 15.0.28307.329
MinimumVisualStudioVersion = 10.0.40219.1
Project("{FAE04EC0-301F-11D3-BF4B-00C04F79EFBC}") = "KDRS_External_Document_Integrator", "KDRS_External_Document_Integrator\KDRS_External_Document_Integrator.csproj", "{5EDAAF19-A85D-496B-B190-A8570EA62F64}"
EndProject
Global
	GlobalSection(SolutionConfigurationPlatforms) = preSolution
		Debug|Any CPU = Debug|Any CPU
		Release|Any CPU = Release|Any CPU
	EndGlobalSection
	GlobalSection(ProjectConfigurationPlatforms) = postSolution
		{5EDAAF19-A85D-496B-B190-A8570EA62F64}.Debug|Any CPU.ActiveCfg = Debug|Any CPU
		{5EDAAF19-A85D-496B-B190-A8570EA62F64}.Debug|Any CPU.Build.0 = Debug|Any CPU
		{5EDAAF19-A85D-496B-B190-A8570EA62F64}.Release|Any CPU.ActiveCfg = Release|Any CPU
		{5EDAAF19-A85D-496B-B190-A8570EA62F64}.Release|Any CPU.Build.0 = Release|Any CPU
	EndGlobalSection
	GlobalSection(SolutionProperties) = preSolution
		HideSolutionNode = FALSE
	EndGlobalSection
	GlobalSection(ExtensibilityGlobals) = postSolution
		SolutionGuid = {EACB35A0-1672-479C-A009-C51618EC631E}
	EndGlobalSection
EndGlobal
